// !$*UTF8*$!
{
	archiveVersion = 1;
	classes = {
	};
	objectVersion = 46;
	objects = {

/* Begin PBXBuildFile section */
		E8A927221B220A6300216793 /* AppDelegate.swift in Sources */ = {isa = PBXBuildFile; fileRef = E8A927211B220A6300216793 /* AppDelegate.swift */; };
		E8A927241B220A6300216793 /* ViewController.swift in Sources */ = {isa = PBXBuildFile; fileRef = E8A927231B220A6300216793 /* ViewController.swift */; };
		E8A927271B220A6300216793 /* Main.storyboard in Resources */ = {isa = PBXBuildFile; fileRef = E8A927251B220A6300216793 /* Main.storyboard */; };
		E8A927291B220A6300216793 /* Images.xcassets in Resources */ = {isa = PBXBuildFile; fileRef = E8A927281B220A6300216793 /* Images.xcassets */; };
		E8A9272C1B220A6300216793 /* LaunchScreen.xib in Resources */ = {isa = PBXBuildFile; fileRef = E8A9272A1B220A6300216793 /* LaunchScreen.xib */; };
		E8A927381B220A6300216793 /* BlurrySideBarTests.swift in Sources */ = {isa = PBXBuildFile; fileRef = E8A927371B220A6300216793 /* BlurrySideBarTests.swift */; };
		E8A927421B220AC600216793 /* SideBarTableViewController.swift in Sources */ = {isa = PBXBuildFile; fileRef = E8A927411B220AC600216793 /* SideBarTableViewController.swift */; };
		E8A927441B222FC400216793 /* SideBar.swift in Sources */ = {isa = PBXBuildFile; fileRef = E8A927431B222FC400216793 /* SideBar.swift */; };
/* End PBXBuildFile section */

/* Begin PBXContainerItemProxy section */
		E8A927321B220A6300216793 /* PBXContainerItemProxy */ = {
			isa = PBXContainerItemProxy;
			containerPortal = E8A927141B220A6300216793 /* Project object */;
			proxyType = 1;
			remoteGlobalIDString = E8A9271B1B220A6300216793;
			remoteInfo = BlurrySideBar;
		};
/* End PBXContainerItemProxy section */

/* Begin PBXFileReference section */
		E8A9271C1B220A6300216793 /* BlurrySideBar.app */ = {isa = PBXFileReference; explicitFileType = wrapper.application; includeInIndex = 0; path = BlurrySideBar.app; sourceTree = BUILT_PRODUCTS_DIR; };
		E8A927201B220A6300216793 /* Info.plist */ = {isa = PBXFileReference; lastKnownFileType = text.plist.xml; path = Info.plist; sourceTree = "<group>"; };
		E8A927211B220A6300216793 /* AppDelegate.swift */ = {isa = PBXFileReference; lastKnownFileType = sourcecode.swift; path = AppDelegate.swift; sourceTree = "<group>"; };
		E8A927231B220A6300216793 /* ViewController.swift */ = {isa = PBXFileReference; lastKnownFileType = sourcecode.swift; path = ViewController.swift; sourceTree = "<group>"; };
		E8A927261B220A6300216793 /* Base */ = {isa = PBXFileReference; lastKnownFileType = file.storyboard; name = Base; path = Base.lproj/Main.storyboard; sourceTree = "<group>"; };
		E8A927281B220A6300216793 /* Images.xcassets */ = {isa = PBXFileReference; lastKnownFileType = folder.assetcatalog; path = Images.xcassets; sourceTree = "<group>"; };
		E8A9272B1B220A6300216793 /* Base */ = {isa = PBXFileReference; lastKnownFileType = file.xib; name = Base; path = Base.lproj/LaunchScreen.xib; sourceTree = "<group>"; };
		E8A927311B220A6300216793 /* BlurrySideBarTests.xctest */ = {isa = PBXFileReference; explicitFileType = wrapper.cfbundle; includeInIndex = 0; path = BlurrySideBarTests.xctest; sourceTree = BUILT_PRODUCTS_DIR; };
		E8A927361B220A6300216793 /* Info.plist */ = {isa = PBXFileReference; lastKnownFileType = text.plist.xml; path = Info.plist; sourceTree = "<group>"; };
		E8A927371B220A6300216793 /* BlurrySideBarTests.swift */ = {isa = PBXFileReference; lastKnownFileType = sourcecode.swift; path = BlurrySideBarTests.swift; sourceTree = "<group>"; };
		E8A927411B220AC600216793 /* SideBarTableViewController.swift */ = {isa = PBXFileReference; fileEncoding = 4; lastKnownFileType = sourcecode.swift; name = SideBarTableViewController.swift; path = ../SideBarTableViewController.swift; sourceTree = "<group>"; };
		E8A927431B222FC400216793 /* SideBar.swift */ = {isa = PBXFileReference; fileEncoding = 4; lastKnownFileType = sourcecode.swift; name = SideBar.swift; path = ../SideBar.swift; sourceTree = "<group>"; };
/* End PBXFileReference section */

/* Begin PBXFrameworksBuildPhase section */
		E8A927191B220A6300216793 /* Frameworks */ = {
			isa = PBXFrameworksBuildPhase;
			buildActionMask = 2147483647;
			files = (
			);
			runOnlyForDeploymentPostprocessing = 0;
		};
		E8A9272E1B220A6300216793 /* Frameworks */ = {
			isa = PBXFrameworksBuildPhase;
			buildActionMask = 2147483647;
			files = (
			);
			runOnlyForDeploymentPostprocessing = 0;
		};
/* End PBXFrameworksBuildPhase section */

/* Begin PBXGroup section */
		E8A927131B220A6300216793 = {
			isa = PBXGroup;
			children = (
				E8A9271E1B220A6300216793 /* BlurrySideBar */,
				E8A927341B220A6300216793 /* BlurrySideBarTests */,
				E8A9271D1B220A6300216793 /* Products */,
			);
			sourceTree = "<group>";
		};
		E8A9271D1B220A6300216793 /* Products */ = {
			isa = PBXGroup;
			children = (
				E8A9271C1B220A6300216793 /* BlurrySideBar.app */,
				E8A927311B220A6300216793 /* BlurrySideBarTests.xctest */,
			);
			name = Products;
			sourceTree = "<group>";
		};
		E8A9271E1B220A6300216793 /* BlurrySideBar */ = {
			isa = PBXGroup;
			children = (
				E8A927431B222FC400216793 /* SideBar.swift */,
				E8A927211B220A6300216793 /* AppDelegate.swift */,
				E8A927231B220A6300216793 /* ViewController.swift */,
				E8A927411B220AC600216793 /* SideBarTableViewController.swift */,
				E8A927251B220A6300216793 /* Main.storyboard */,
				E8A927281B220A6300216793 /* Images.xcassets */,
				E8A9272A1B220A6300216793 /* LaunchScreen.xib */,
				E8A9271F1B220A6300216793 /* Supporting Files */,
			);
			path = BlurrySideBar;
			sourceTree = "<group>";
		};
		E8A9271F1B220A6300216793 /* Supporting Files */ = {
			isa = PBXGroup;
			children = (
				E8A927201B220A6300216793 /* Info.plist */,
			);
			name = "Supporting Files";
			sourceTree = "<group>";
		};
		E8A927341B220A6300216793 /* BlurrySideBarTests */ = {
			isa = PBXGroup;
			children = (
				E8A927371B220A6300216793 /* BlurrySideBarTests.swift */,
				E8A927351B220A6300216793 /* Supporting Files */,
			);
			path = BlurrySideBarTests;
			sourceTree = "<group>";
		};
		E8A927351B220A6300216793 /* Supporting Files */ = {
			isa = PBXGroup;
			children = (
				E8A927361B220A6300216793 /* Info.plist */,
			);
			name = "Supporting Files";
			sourceTree = "<group>";
		};
/* End PBXGroup section */

/* Begin PBXNativeTarget section */
		E8A9271B1B220A6300216793 /* BlurrySideBar */ = {
			isa = PBXNativeTarget;
			buildConfigurationList = E8A9273B1B220A6300216793 /* Build configuration list for PBXNativeTarget "BlurrySideBar" */;
			buildPhases = (
				E8A927181B220A6300216793 /* Sources */,
				E8A927191B220A6300216793 /* Frameworks */,
				E8A9271A1B220A6300216793 /* Resources */,
			);
			buildRules = (
			);
			dependencies = (
			);
			name = BlurrySideBar;
			productName = BlurrySideBar;
			productReference = E8A9271C1B220A6300216793 /* BlurrySideBar.app */;
			productType = "com.apple.product-type.application";
		};
		E8A927301B220A6300216793 /* BlurrySideBarTests */ = {
			isa = PBXNativeTarget;
			buildConfigurationList = E8A9273E1B220A6300216793 /* Build configuration list for PBXNativeTarget "BlurrySideBarTests" */;
			buildPhases = (
				E8A9272D1B220A6300216793 /* Sources */,
				E8A9272E1B220A6300216793 /* Frameworks */,
				E8A9272F1B220A6300216793 /* Resources */,
			);
			buildRules = (
			);
			dependencies = (
				E8A927331B220A6300216793 /* PBXTargetDependency */,
			);
			name = BlurrySideBarTests;
			productName = BlurrySideBarTests;
			productReference = E8A927311B220A6300216793 /* BlurrySideBarTests.xctest */;
			productType = "com.apple.product-type.bundle.unit-test";
		};
/* End PBXNativeTarget section */

/* Begin PBXProject section */
		E8A927141B220A6300216793 /* Project object */ = {
			isa = PBXProject;
			attributes = {
				LastUpgradeCheck = 0630;
				ORGANIZATIONNAME = "Roth, Lauren";
				TargetAttributes = {
					E8A9271B1B220A6300216793 = {
						CreatedOnToolsVersion = 6.3.2;
					};
					E8A927301B220A6300216793 = {
						CreatedOnToolsVersion = 6.3.2;
						TestTargetID = E8A9271B1B220A6300216793;
					};
				};
			};
			buildConfigurationList = E8A927171B220A6300216793 /* Build configuration list for PBXProject "BlurrySideBar" */;
			compatibilityVersion = "Xcode 3.2";
			developmentRegion = English;
			hasScannedForEncodings = 0;
			knownRegions = (
				en,
				Base,
			);
			mainGroup = E8A927131B220A6300216793;
			productRefGroup = E8A9271D1B220A6300216793 /* Products */;
			projectDirPath = "";
			projectRoot = "";
			targets = (
				E8A9271B1B220A6300216793 /* BlurrySideBar */,
				E8A927301B220A6300216793 /* BlurrySideBarTests */,
			);
		};
/* End PBXProject section */

/* Begin PBXResourcesBuildPhase section */
		E8A9271A1B220A6300216793 /* Resources */ = {
			isa = PBXResourcesBuildPhase;
			buildActionMask = 2147483647;
			files = (
				E8A927271B220A6300216793 /* Main.storyboard in Resources */,
				E8A9272C1B220A6300216793 /* LaunchScreen.xib in Resources */,
				E8A927291B220A6300216793 /* Images.xcassets in Resources */,
			);
			runOnlyForDeploymentPostprocessing = 0;
		};
		E8A9272F1B220A6300216793 /* Resources */ = {
			isa = PBXResourcesBuildPhase;
			buildActionMask = 2147483647;
			files = (
			);
			runOnlyForDeploymentPostprocessing = 0;
		};
/* End PBXResourcesBuildPhase section */

/* Begin PBXSourcesBuildPhase section */
		E8A927181B220A6300216793 /* Sources */ = {
			isa = PBXSourcesBuildPhase;
			buildActionMask = 2147483647;
			files = (
				E8A927241B220A6300216793 /* ViewController.swift in Sources */,
				E8A927421B220AC600216793 /* SideBarTableViewController.swift in Sources */,
				E8A927441B222FC400216793 /* SideBar.swift in Sources */,
				E8A927221B220A6300216793 /* AppDelegate.swift in Sources */,
			);
			runOnlyForDeploymentPostprocessing = 0;
		};
		E8A9272D1B220A6300216793 /* Sources */ = {
			isa = PBXSourcesBuildPhase;
			buildActionMask = 2147483647;
			files = (
				E8A927381B220A6300216793 /* BlurrySideBarTests.swift in Sources */,
			);
			runOnlyForDeploymentPostprocessing = 0;
		};
/* End PBXSourcesBuildPhase section */

/* Begin PBXTargetDependency section */
		E8A927331B220A6300216793 /* PBXTargetDependency */ = {
			isa = PBXTargetDependency;
			target = E8A9271B1B220A6300216793 /* BlurrySideBar */;
			targetProxy = E8A927321B220A6300216793 /* PBXContainerItemProxy */;
		};
/* End PBXTargetDependency section */

/* Begin PBXVariantGroup section */
		E8A927251B220A6300216793 /* Main.storyboard */ = {
			isa = PBXVariantGroup;
			children = (
				E8A927261B220A6300216793 /* Base */,
			);
			name = Main.storyboard;
			sourceTree = "<group>";
		};
		E8A9272A1B220A6300216793 /* LaunchScreen.xib */ = {
			isa = PBXVariantGroup;
			children = (
				E8A9272B1B220A6300216793 /* Base */,
			);
			name = LaunchScreen.xib;
			sourceTree = "<group>";
		};
/* End PBXVariantGroup section */

/* Begin XCBuildConfiguration section */
		E8A927391B220A6300216793 /* Debug */ = {
			isa = XCBuildConfiguration;
			buildSettings = {
				ALWAYS_SEARCH_USER_PATHS = NO;
				CLANG_CXX_LANGUAGE_STANDARD = "gnu++0x";
				CLANG_CXX_LIBRARY = "libc++";
				CLANG_ENABLE_MODULES = YES;
				CLANG_ENABLE_OBJC_ARC = YES;
				CLANG_WARN_BOOL_CONVERSION = YES;
				CLANG_WARN_CONSTANT_CONVERSION = YES;
				CLANG_WARN_DIRECT_OBJC_ISA_USAGE = YES_ERROR;
				CLANG_WARN_EMPTY_BODY = YES;
				CLANG_WARN_ENUM_CONVERSION = YES;
				CLANG_WARN_INT_CONVERSION = YES;
				CLANG_WARN_OBJC_ROOT_CLASS = YES_ERROR;
				CLANG_WARN_UNREACHABLE_CODE = YES;
				CLANG_WARN__DUPLICATE_METHOD_MATCH = YES;
				"CODE_SIGN_IDENTITY[sdk=iphoneos*]" = "iPhone Developer";
				COPY_PHASE_STRIP = NO;
				DEBUG_INFORMATION_FORMAT = "dwarf-with-dsym";
				ENABLE_STRICT_OBJC_MSGSEND = YES;
				GCC_C_LANGUAGE_STANDARD = gnu99;
				GCC_DYNAMIC_NO_PIC = NO;
				GCC_NO_COMMON_BLOCKS = YES;
				GCC_OPTIMIZATION_LEVEL = 0;
				GCC_PREPROCESSOR_DEFINITIONS = (
					"DEBUG=1",
					"$(inherited)",
				);
				GCC_SYMBOLS_PRIVATE_EXTERN = NO;
				GCC_WARN_64_TO_32_BIT_CONVERSION = YES;
				GCC_WARN_ABOUT_RETURN_TYPE = YES_ERROR;
				GCC_WARN_UNDECLARED_SELECTOR = YES;
				GCC_WARN_UNINITIALIZED_AUTOS = YES_AGGRESSIVE;
				GCC_WARN_UNUSED_FUNCTION = YES;
				GCC_WARN_UNUSED_VARIABLE = YES;
				IPHONEOS_DEPLOYMENT_TARGET = 8.3;
				MTL_ENABLE_DEBUG_INFO = YES;
				ONLY_ACTIVE_ARCH = YES;
				SDKROOT = iphoneos;
				SWIFT_OPTIMIZATION_LEVEL = "-Onone";
			};
			name = Debug;
		};
		E8A9273A1B220A6300216793 /* Release */ = {
			isa = XCBuildConfiguration;
			buildSettings = {
				ALWAYS_SEARCH_USER_PATHS = NO;
				CLANG_CXX_LANGUAGE_STANDARD = "gnu++0x";
				CLANG_CXX_LIBRARY = "libc++";
				CLANG_ENABLE_MODULES = YES;
				CLANG_ENABLE_OBJC_ARC = YES;
				CLANG_WARN_BOOL_CONVERSION = YES;
				CLANG_WARN_CONSTANT_CONVERSION = YES;
				CLANG_WARN_DIRECT_OBJC_ISA_USAGE = YES_ERROR;
				CLANG_WARN_EMPTY_BODY = YES;
				CLANG_WARN_ENUM_CONVERSION = YES;
				CLANG_WARN_INT_CONVERSION = YES;
				CLANG_WARN_OBJC_ROOT_CLASS = YES_ERROR;
				CLANG_WARN_UNREACHABLE_CODE = YES;
				CLANG_WARN__DUPLICATE_METHOD_MATCH = YES;
				"CODE_SIGN_IDENTITY[sdk=iphoneos*]" = "iPhone Developer";
				COPY_PHASE_STRIP = NO;
				DEBUG_INFORMATION_FORMAT = "dwarf-with-dsym";
				ENABLE_NS_ASSERTIONS = NO;
				ENABLE_STRICT_OBJC_MSGSEND = YES;
				GCC_C_LANGUAGE_STANDARD = gnu99;
				GCC_NO_COMMON_BLOCKS = YES;
				GCC_WARN_64_TO_32_BIT_CONVERSION = YES;
				GCC_WARN_ABOUT_RETURN_TYPE = YES_ERROR;
				GCC_WARN_UNDECLARED_SELECTOR = YES;
				GCC_WARN_UNINITIALIZED_AUTOS = YES_AGGRESSIVE;
				GCC_WARN_UNUSED_FUNCTION = YES;
				GCC_WARN_UNUSED_VARIABLE = YES;
				IPHONEOS_DEPLOYMENT_TARGET = 8.3;
				MTL_ENABLE_DEBUG_INFO = NO;
				SDKROOT = iphoneos;
				VALIDATE_PRODUCT = YES;
			};
			name = Release;
		};
		E8A9273C1B220A6300216793 /* Debug */ = {
			isa = XCBuildConfiguration;
			buildSettings = {
				ASSETCATALOG_COMPILER_APPICON_NAME = AppIcon;
				INFOPLIST_FILE = BlurrySideBar/Info.plist;
				LD_RUNPATH_SEARCH_PATHS = "$(inherited) @executable_path/Frameworks";
				PRODUCT_NAME = "$(TARGET_NAME)";
			};
			name = Debug;
		};
		E8A9273D1B220A6300216793 /* Release */ = {
			isa = XCBuildConfiguration;
			buildSettings = {
				ASSETCATALOG_COMPILER_APPICON_NAME = AppIcon;
				INFOPLIST_FILE = BlurrySideBar/Info.plist;
				LD_RUNPATH_SEARCH_PATHS = "$(inherited) @executable_path/Frameworks";
				PRODUCT_NAME = "$(TARGET_NAME)";
			};
			name = Release;
		};
		E8A9273F1B220A6300216793 /* Debug */ = {
			isa = XCBuildConfiguration;
			buildSettings = {
				BUNDLE_LOADER = "$(TEST_HOST)";
				FRAMEWORK_SEARCH_PATHS = (
					"$(SDKROOT)/Developer/Library/Frameworks",
					"$(inherited)",
				);
				GCC_PREPROCESSOR_DEFINITIONS = (
					"DEBUG=1",
					"$(inherited)",
				);
				INFOPLIST_FILE = BlurrySideBarTests/Info.plist;
				LD_RUNPATH_SEARCH_PATHS = "$(inherited) @executable_path/Frameworks @loader_path/Frameworks";
				PRODUCT_NAME = "$(TARGET_NAME)";
				TEST_HOST = "$(BUILT_PRODUCTS_DIR)/BlurrySideBar.app/BlurrySideBar";
			};
			name = Debug;
		};
		E8A927401B220A6300216793 /* Release */ = {
			isa = XCBuildConfiguration;
			buildSettings = {
				BUNDLE_LOADER = "$(TEST_HOST)";
				FRAMEWORK_SEARCH_PATHS = (
					"$(SDKROOT)/Developer/Library/Frameworks",
					"$(inherited)",
				);
				INFOPLIST_FILE = BlurrySideBarTests/Info.plist;
				LD_RUNPATH_SEARCH_PATHS = "$(inherited) @executable_path/Frameworks @loader_path/Frameworks";
				PRODUCT_NAME = "$(TARGET_NAME)";
				TEST_HOST = "$(BUILT_PRODUCTS_DIR)/BlurrySideBar.app/BlurrySideBar";
			};
			name = Release;
		};
/* End XCBuildConfiguration section */

/* Begin XCConfigurationList section */
		E8A927171B220A6300216793 /* Build configuration list for PBXProject "BlurrySideBar" */ = {
			isa = XCConfigurationList;
			buildConfigurations = (
				E8A927391B220A6300216793 /* Debug */,
				E8A9273A1B220A6300216793 /* Release */,
			);
			defaultConfigurationIsVisible = 0;
			defaultConfigurationName = Release;
		};
		E8A9273B1B220A6300216793 /* Build configuration list for PBXNativeTarget "BlurrySideBar" */ = {
			isa = XCConfigurationList;
			buildConfigurations = (
				E8A9273C1B220A6300216793 /* Debug */,
				E8A9273D1B220A6300216793 /* Release */,
			);
			defaultConfigurationIsVisible = 0;
		};
		E8A9273E1B220A6300216793 /* Build configuration list for PBXNativeTarget "BlurrySideBarTests" */ = {
			isa = XCConfigurationList;
			buildConfigurations = (
				E8A9273F1B220A6300216793 /* Debug */,
				E8A927401B220A6300216793 /* Release */,
			);
			defaultConfigurationIsVisible = 0;
		};
/* End XCConfigurationList section */
	};
	rootObject = E8A927141B220A6300216793 /* Project object */;
}
